
Microsoft Visual Studio Solution File, Format Version 12.00
# Visual Studio Version 17
VisualStudioVersion = 17.5.002.0
MinimumVisualStudioVersion = 10.0.40219.1
Project("{2150E333-8FDC-42A3-9474-1A3956D46DE8}") = "fundamentos", "fundamentos", "{78DBDDA9-43E6-4829-9D59-FDA9E4B4466C}"
EndProject
Project("{9A19103F-16F7-4668-BE54-9A1E7A4F7556}") = "switchcase", "fundamentos\switchcase\switchcase.csproj", "{05198D10-F455-4F7C-8C2C-601B64297F7B}"
EndProject
Global
	GlobalSection(SolutionConfigurationPlatforms) = preSolution
		Debug|Any CPU = Debug|Any CPU
		Release|Any CPU = Release|Any CPU
	EndGlobalSection
	GlobalSection(ProjectConfigurationPlatforms) = postSolution
		{05198D10-F455-4F7C-8C2C-601B64297F7B}.Debug|Any CPU.ActiveCfg = Debug|Any CPU
		{05198D10-F455-4F7C-8C2C-601B64297F7B}.Debug|Any CPU.Build.0 = Debug|Any CPU
		{05198D10-F455-4F7C-8C2C-601B64297F7B}.Release|Any CPU.ActiveCfg = Release|Any CPU
		{05198D10-F455-4F7C-8C2C-601B64297F7B}.Release|Any CPU.Build.0 = Release|Any CPU
	EndGlobalSection
	GlobalSection(SolutionProperties) = preSolution
		HideSolutionNode = FALSE
	EndGlobalSection
	GlobalSection(NestedProjects) = preSolution
		{05198D10-F455-4F7C-8C2C-601B64297F7B} = {78DBDDA9-43E6-4829-9D59-FDA9E4B4466C}
	EndGlobalSection
	GlobalSection(ExtensibilityGlobals) = postSolution
		SolutionGuid = {B952640B-F67B-43FF-88FB-E506A922A268}
	EndGlobalSection
EndGlobal
