
Microsoft Visual Studio Solution File, Format Version 12.00
# Visual Studio Version 17
VisualStudioVersion = 17.5.002.0
MinimumVisualStudioVersion = 10.0.40219.1
Project("{9A19103F-16F7-4668-BE54-9A1E7A4F7556}") = "string-index", "string-index.csproj", "{7BBD129B-5D3B-4AEE-BDDD-DD4CC08C00FE}"
EndProject
Global
	GlobalSection(SolutionConfigurationPlatforms) = preSolution
		Debug|Any CPU = Debug|Any CPU
		Release|Any CPU = Release|Any CPU
	EndGlobalSection
	GlobalSection(ProjectConfigurationPlatforms) = postSolution
		{7BBD129B-5D3B-4AEE-BDDD-DD4CC08C00FE}.Debug|Any CPU.ActiveCfg = Debug|Any CPU
		{7BBD129B-5D3B-4AEE-BDDD-DD4CC08C00FE}.Debug|Any CPU.Build.0 = Debug|Any CPU
		{7BBD129B-5D3B-4AEE-BDDD-DD4CC08C00FE}.Release|Any CPU.ActiveCfg = Release|Any CPU
		{7BBD129B-5D3B-4AEE-BDDD-DD4CC08C00FE}.Release|Any CPU.Build.0 = Release|Any CPU
	EndGlobalSection
	GlobalSection(SolutionProperties) = preSolution
		HideSolutionNode = FALSE
	EndGlobalSection
	GlobalSection(ExtensibilityGlobals) = postSolution
		SolutionGuid = {9E93FEDB-137C-4D7B-BEEB-D11899166AF3}
	EndGlobalSection
EndGlobal
